// !$*UTF8*$!
{
	archiveVersion = 1;
	classes = {
	};
	objectVersion = 46;
	objects = {

/* Begin PBXBuildFile section */
		5BB145ED182EAC4500A464C9 /* Foundation.framework in Frameworks */ = {isa = PBXBuildFile; fileRef = 5BB145EC182EAC4500A464C9 /* Foundation.framework */; };
		5BB145EF182EAC4500A464C9 /* CoreGraphics.framework in Frameworks */ = {isa = PBXBuildFile; fileRef = 5BB145EE182EAC4500A464C9 /* CoreGraphics.framework */; };
		5BB145F1182EAC4500A464C9 /* UIKit.framework in Frameworks */ = {isa = PBXBuildFile; fileRef = 5BB145F0182EAC4500A464C9 /* UIKit.framework */; };
		5BB145F7182EAC4500A464C9 /* InfoPlist.strings in Resources */ = {isa = PBXBuildFile; fileRef = 5BB145F5182EAC4500A464C9 /* InfoPlist.strings */; };
		5BB145F9182EAC4500A464C9 /* main.m in Sources */ = {isa = PBXBuildFile; fileRef = 5BB145F8182EAC4500A464C9 /* main.m */; };
		5BB145FD182EAC4500A464C9 /* AttributorAppDelegate.m in Sources */ = {isa = PBXBuildFile; fileRef = 5BB145FC182EAC4500A464C9 /* AttributorAppDelegate.m */; };
		5BB14600182EAC4500A464C9 /* Main.storyboard in Resources */ = {isa = PBXBuildFile; fileRef = 5BB145FE182EAC4500A464C9 /* Main.storyboard */; };
		5BB14603182EAC4500A464C9 /* AttributorViewController.m in Sources */ = {isa = PBXBuildFile; fileRef = 5BB14602182EAC4500A464C9 /* AttributorViewController.m */; };
		5BB14605182EAC4500A464C9 /* Images.xcassets in Resources */ = {isa = PBXBuildFile; fileRef = 5BB14604182EAC4500A464C9 /* Images.xcassets */; };
		5BB1460C182EAC4500A464C9 /* XCTest.framework in Frameworks */ = {isa = PBXBuildFile; fileRef = 5BB1460B182EAC4500A464C9 /* XCTest.framework */; };
		5BB1460D182EAC4500A464C9 /* Foundation.framework in Frameworks */ = {isa = PBXBuildFile; fileRef = 5BB145EC182EAC4500A464C9 /* Foundation.framework */; };
		5BB1460E182EAC4500A464C9 /* UIKit.framework in Frameworks */ = {isa = PBXBuildFile; fileRef = 5BB145F0182EAC4500A464C9 /* UIKit.framework */; };
		5BB14616182EAC4500A464C9 /* InfoPlist.strings in Resources */ = {isa = PBXBuildFile; fileRef = 5BB14614182EAC4500A464C9 /* InfoPlist.strings */; };
		5BB14618182EAC4500A464C9 /* AttributorTests.m in Sources */ = {isa = PBXBuildFile; fileRef = 5BB14617182EAC4500A464C9 /* AttributorTests.m */; };
		5BB14628182EC4A100A464C9 /* TextStatsViewController.m in Sources */ = {isa = PBXBuildFile; fileRef = 5BB14627182EC4A100A464C9 /* TextStatsViewController.m */; };
/* End PBXBuildFile section */

/* Begin PBXContainerItemProxy section */
		5BB1460F182EAC4500A464C9 /* PBXContainerItemProxy */ = {
			isa = PBXContainerItemProxy;
			containerPortal = 5BB145E1182EAC4400A464C9 /* Project object */;
			proxyType = 1;
			remoteGlobalIDString = 5BB145E8182EAC4500A464C9;
			remoteInfo = Attributor;
		};
/* End PBXContainerItemProxy section */

/* Begin PBXFileReference section */
		5BB145E9182EAC4500A464C9 /* Attributor.app */ = {isa = PBXFileReference; explicitFileType = wrapper.application; includeInIndex = 0; path = Attributor.app; sourceTree = BUILT_PRODUCTS_DIR; };
		5BB145EC182EAC4500A464C9 /* Foundation.framework */ = {isa = PBXFileReference; lastKnownFileType = wrapper.framework; name = Foundation.framework; path = System/Library/Frameworks/Foundation.framework; sourceTree = SDKROOT; };
		5BB145EE182EAC4500A464C9 /* CoreGraphics.framework */ = {isa = PBXFileReference; lastKnownFileType = wrapper.framework; name = CoreGraphics.framework; path = System/Library/Frameworks/CoreGraphics.framework; sourceTree = SDKROOT; };
		5BB145F0182EAC4500A464C9 /* UIKit.framework */ = {isa = PBXFileReference; lastKnownFileType = wrapper.framework; name = UIKit.framework; path = System/Library/Frameworks/UIKit.framework; sourceTree = SDKROOT; };
		5BB145F4182EAC4500A464C9 /* Attributor-Info.plist */ = {isa = PBXFileReference; lastKnownFileType = text.plist.xml; path = "Attributor-Info.plist"; sourceTree = "<group>"; };
		5BB145F6182EAC4500A464C9 /* en */ = {isa = PBXFileReference; lastKnownFileType = text.plist.strings; name = en; path = en.lproj/InfoPlist.strings; sourceTree = "<group>"; };
		5BB145F8182EAC4500A464C9 /* main.m */ = {isa = PBXFileReference; lastKnownFileType = sourcecode.c.objc; path = main.m; sourceTree = "<group>"; };
		5BB145FA182EAC4500A464C9 /* Attributor-Prefix.pch */ = {isa = PBXFileReference; lastKnownFileType = sourcecode.c.h; path = "Attributor-Prefix.pch"; sourceTree = "<group>"; };
		5BB145FB182EAC4500A464C9 /* AttributorAppDelegate.h */ = {isa = PBXFileReference; lastKnownFileType = sourcecode.c.h; path = AttributorAppDelegate.h; sourceTree = "<group>"; };
		5BB145FC182EAC4500A464C9 /* AttributorAppDelegate.m */ = {isa = PBXFileReference; lastKnownFileType = sourcecode.c.objc; path = AttributorAppDelegate.m; sourceTree = "<group>"; };
		5BB145FF182EAC4500A464C9 /* Base */ = {isa = PBXFileReference; lastKnownFileType = file.storyboard; name = Base; path = Base.lproj/Main.storyboard; sourceTree = "<group>"; };
		5BB14601182EAC4500A464C9 /* AttributorViewController.h */ = {isa = PBXFileReference; lastKnownFileType = sourcecode.c.h; path = AttributorViewController.h; sourceTree = "<group>"; };
		5BB14602182EAC4500A464C9 /* AttributorViewController.m */ = {isa = PBXFileReference; lastKnownFileType = sourcecode.c.objc; path = AttributorViewController.m; sourceTree = "<group>"; };
		5BB14604182EAC4500A464C9 /* Images.xcassets */ = {isa = PBXFileReference; lastKnownFileType = folder.assetcatalog; path = Images.xcassets; sourceTree = "<group>"; };
		5BB1460A182EAC4500A464C9 /* AttributorTests.xctest */ = {isa = PBXFileReference; explicitFileType = wrapper.cfbundle; includeInIndex = 0; path = AttributorTests.xctest; sourceTree = BUILT_PRODUCTS_DIR; };
		5BB1460B182EAC4500A464C9 /* XCTest.framework */ = {isa = PBXFileReference; lastKnownFileType = wrapper.framework; name = XCTest.framework; path = Library/Frameworks/XCTest.framework; sourceTree = DEVELOPER_DIR; };
		5BB14613182EAC4500A464C9 /* AttributorTests-Info.plist */ = {isa = PBXFileReference; lastKnownFileType = text.plist.xml; path = "AttributorTests-Info.plist"; sourceTree = "<group>"; };
		5BB14615182EAC4500A464C9 /* en */ = {isa = PBXFileReference; lastKnownFileType = text.plist.strings; name = en; path = en.lproj/InfoPlist.strings; sourceTree = "<group>"; };
		5BB14617182EAC4500A464C9 /* AttributorTests.m */ = {isa = PBXFileReference; lastKnownFileType = sourcecode.c.objc; path = AttributorTests.m; sourceTree = "<group>"; };
		5BB14621182EBC6600A464C9 /* README.md */ = {isa = PBXFileReference; fileEncoding = 4; lastKnownFileType = text; path = README.md; sourceTree = "<group>"; };
		5BB14626182EC4A100A464C9 /* TextStatsViewController.h */ = {isa = PBXFileReference; fileEncoding = 4; lastKnownFileType = sourcecode.c.h; path = TextStatsViewController.h; sourceTree = "<group>"; };
		5BB14627182EC4A100A464C9 /* TextStatsViewController.m */ = {isa = PBXFileReference; fileEncoding = 4; lastKnownFileType = sourcecode.c.objc; path = TextStatsViewController.m; sourceTree = "<group>"; };
/* End PBXFileReference section */

/* Begin PBXFrameworksBuildPhase section */
		5BB145E6182EAC4500A464C9 /* Frameworks */ = {
			isa = PBXFrameworksBuildPhase;
			buildActionMask = 2147483647;
			files = (
				5BB145EF182EAC4500A464C9 /* CoreGraphics.framework in Frameworks */,
				5BB145F1182EAC4500A464C9 /* UIKit.framework in Frameworks */,
				5BB145ED182EAC4500A464C9 /* Foundation.framework in Frameworks */,
			);
			runOnlyForDeploymentPostprocessing = 0;
		};
		5BB14607182EAC4500A464C9 /* Frameworks */ = {
			isa = PBXFrameworksBuildPhase;
			buildActionMask = 2147483647;
			files = (
				5BB1460C182EAC4500A464C9 /* XCTest.framework in Frameworks */,
				5BB1460E182EAC4500A464C9 /* UIKit.framework in Frameworks */,
				5BB1460D182EAC4500A464C9 /* Foundation.framework in Frameworks */,
			);
			runOnlyForDeploymentPostprocessing = 0;
		};
/* End PBXFrameworksBuildPhase section */

/* Begin PBXGroup section */
		5BB145E0182EAC4400A464C9 = {
			isa = PBXGroup;
			children = (
				5BB14621182EBC6600A464C9 /* README.md */,
				5BB145F2182EAC4500A464C9 /* Attributor */,
				5BB14611182EAC4500A464C9 /* AttributorTests */,
				5BB145EB182EAC4500A464C9 /* Frameworks */,
				5BB145EA182EAC4500A464C9 /* Products */,
			);
			sourceTree = "<group>";
		};
		5BB145EA182EAC4500A464C9 /* Products */ = {
			isa = PBXGroup;
			children = (
				5BB145E9182EAC4500A464C9 /* Attributor.app */,
				5BB1460A182EAC4500A464C9 /* AttributorTests.xctest */,
			);
			name = Products;
			sourceTree = "<group>";
		};
		5BB145EB182EAC4500A464C9 /* Frameworks */ = {
			isa = PBXGroup;
			children = (
				5BB145EC182EAC4500A464C9 /* Foundation.framework */,
				5BB145EE182EAC4500A464C9 /* CoreGraphics.framework */,
				5BB145F0182EAC4500A464C9 /* UIKit.framework */,
				5BB1460B182EAC4500A464C9 /* XCTest.framework */,
			);
			name = Frameworks;
			sourceTree = "<group>";
		};
		5BB145F2182EAC4500A464C9 /* Attributor */ = {
			isa = PBXGroup;
			children = (
				5BB145FE182EAC4500A464C9 /* Main.storyboard */,
				5BB14601182EAC4500A464C9 /* AttributorViewController.h */,
				5BB14602182EAC4500A464C9 /* AttributorViewController.m */,
				5BB14626182EC4A100A464C9 /* TextStatsViewController.h */,
				5BB14627182EC4A100A464C9 /* TextStatsViewController.m */,
				5BB14604182EAC4500A464C9 /* Images.xcassets */,
				5BB145F3182EAC4500A464C9 /* Supporting Files */,
			);
			path = Attributor;
			sourceTree = "<group>";
		};
		5BB145F3182EAC4500A464C9 /* Supporting Files */ = {
			isa = PBXGroup;
			children = (
				5BB145FB182EAC4500A464C9 /* AttributorAppDelegate.h */,
				5BB145FC182EAC4500A464C9 /* AttributorAppDelegate.m */,
				5BB145F4182EAC4500A464C9 /* Attributor-Info.plist */,
				5BB145F5182EAC4500A464C9 /* InfoPlist.strings */,
				5BB145F8182EAC4500A464C9 /* main.m */,
				5BB145FA182EAC4500A464C9 /* Attributor-Prefix.pch */,
			);
			name = "Supporting Files";
			sourceTree = "<group>";
		};
		5BB14611182EAC4500A464C9 /* AttributorTests */ = {
			isa = PBXGroup;
			children = (
				5BB14617182EAC4500A464C9 /* AttributorTests.m */,
				5BB14612182EAC4500A464C9 /* Supporting Files */,
			);
			path = AttributorTests;
			sourceTree = "<group>";
		};
		5BB14612182EAC4500A464C9 /* Supporting Files */ = {
			isa = PBXGroup;
			children = (
				5BB14613182EAC4500A464C9 /* AttributorTests-Info.plist */,
				5BB14614182EAC4500A464C9 /* InfoPlist.strings */,
			);
			name = "Supporting Files";
			sourceTree = "<group>";
		};
/* End PBXGroup section */

/* Begin PBXNativeTarget section */
		5BB145E8182EAC4500A464C9 /* Attributor */ = {
			isa = PBXNativeTarget;
			buildConfigurationList = 5BB1461B182EAC4500A464C9 /* Build configuration list for PBXNativeTarget "Attributor" */;
			buildPhases = (
				5BB145E5182EAC4500A464C9 /* Sources */,
				5BB145E6182EAC4500A464C9 /* Frameworks */,
				5BB145E7182EAC4500A464C9 /* Resources */,
			);
			buildRules = (
			);
			dependencies = (
			);
			name = Attributor;
			productName = Attributor;
			productReference = 5BB145E9182EAC4500A464C9 /* Attributor.app */;
			productType = "com.apple.product-type.application";
		};
		5BB14609182EAC4500A464C9 /* AttributorTests */ = {
			isa = PBXNativeTarget;
			buildConfigurationList = 5BB1461E182EAC4500A464C9 /* Build configuration list for PBXNativeTarget "AttributorTests" */;
			buildPhases = (
				5BB14606182EAC4500A464C9 /* Sources */,
				5BB14607182EAC4500A464C9 /* Frameworks */,
				5BB14608182EAC4500A464C9 /* Resources */,
			);
			buildRules = (
			);
			dependencies = (
				5BB14610182EAC4500A464C9 /* PBXTargetDependency */,
			);
			name = AttributorTests;
			productName = AttributorTests;
			productReference = 5BB1460A182EAC4500A464C9 /* AttributorTests.xctest */;
			productType = "com.apple.product-type.bundle.unit-test";
		};
/* End PBXNativeTarget section */

/* Begin PBXProject section */
		5BB145E1182EAC4400A464C9 /* Project object */ = {
			isa = PBXProject;
			attributes = {
				CLASSPREFIX = Attributor;
				LastUpgradeCheck = 0500;
				ORGANIZATIONNAME = "m2m server software gmbh";
				TargetAttributes = {
					5BB14609182EAC4500A464C9 = {
						TestTargetID = 5BB145E8182EAC4500A464C9;
					};
				};
			};
			buildConfigurationList = 5BB145E4182EAC4400A464C9 /* Build configuration list for PBXProject "Attributor" */;
			compatibilityVersion = "Xcode 3.2";
			developmentRegion = English;
			hasScannedForEncodings = 0;
			knownRegions = (
				en,
				Base,
			);
			mainGroup = 5BB145E0182EAC4400A464C9;
			productRefGroup = 5BB145EA182EAC4500A464C9 /* Products */;
			projectDirPath = "";
			projectRoot = "";
			targets = (
				5BB145E8182EAC4500A464C9 /* Attributor */,
				5BB14609182EAC4500A464C9 /* AttributorTests */,
			);
		};
/* End PBXProject section */

/* Begin PBXResourcesBuildPhase section */
		5BB145E7182EAC4500A464C9 /* Resources */ = {
			isa = PBXResourcesBuildPhase;
			buildActionMask = 2147483647;
			files = (
				5BB14605182EAC4500A464C9 /* Images.xcassets in Resources */,
				5BB145F7182EAC4500A464C9 /* InfoPlist.strings in Resources */,
				5BB14600182EAC4500A464C9 /* Main.storyboard in Resources */,
			);
			runOnlyForDeploymentPostprocessing = 0;
		};
		5BB14608182EAC4500A464C9 /* Resources */ = {
			isa = PBXResourcesBuildPhase;
			buildActionMask = 2147483647;
			files = (
				5BB14616182EAC4500A464C9 /* InfoPlist.strings in Resources */,
			);
			runOnlyForDeploymentPostprocessing = 0;
		};
/* End PBXResourcesBuildPhase section */

/* Begin PBXSourcesBuildPhase section */
		5BB145E5182EAC4500A464C9 /* Sources */ = {
			isa = PBXSourcesBuildPhase;
			buildActionMask = 2147483647;
			files = (
				5BB145FD182EAC4500A464C9 /* AttributorAppDelegate.m in Sources */,
				5BB14603182EAC4500A464C9 /* AttributorViewController.m in Sources */,
				5BB145F9182EAC4500A464C9 /* main.m in Sources */,
				5BB14628182EC4A100A464C9 /* TextStatsViewController.m in Sources */,
			);
			runOnlyForDeploymentPostprocessing = 0;
		};
		5BB14606182EAC4500A464C9 /* Sources */ = {
			isa = PBXSourcesBuildPhase;
			buildActionMask = 2147483647;
			files = (
				5BB14618182EAC4500A464C9 /* AttributorTests.m in Sources */,
			);
			runOnlyForDeploymentPostprocessing = 0;
		};
/* End PBXSourcesBuildPhase section */

/* Begin PBXTargetDependency section */
		5BB14610182EAC4500A464C9 /* PBXTargetDependency */ = {
			isa = PBXTargetDependency;
			target = 5BB145E8182EAC4500A464C9 /* Attributor */;
			targetProxy = 5BB1460F182EAC4500A464C9 /* PBXContainerItemProxy */;
		};
/* End PBXTargetDependency section */

/* Begin PBXVariantGroup section */
		5BB145F5182EAC4500A464C9 /* InfoPlist.strings */ = {
			isa = PBXVariantGroup;
			children = (
				5BB145F6182EAC4500A464C9 /* en */,
			);
			name = InfoPlist.strings;
			sourceTree = "<group>";
		};
		5BB145FE182EAC4500A464C9 /* Main.storyboard */ = {
			isa = PBXVariantGroup;
			children = (
				5BB145FF182EAC4500A464C9 /* Base */,
			);
			name = Main.storyboard;
			sourceTree = "<group>";
		};
		5BB14614182EAC4500A464C9 /* InfoPlist.strings */ = {
			isa = PBXVariantGroup;
			children = (
				5BB14615182EAC4500A464C9 /* en */,
			);
			name = InfoPlist.strings;
			sourceTree = "<group>";
		};
/* End PBXVariantGroup section */

/* Begin XCBuildConfiguration section */
		5BB14619182EAC4500A464C9 /* Debug */ = {
			isa = XCBuildConfiguration;
			buildSettings = {
				ALWAYS_SEARCH_USER_PATHS = NO;
				ARCHS = "$(ARCHS_STANDARD_INCLUDING_64_BIT)";
				CLANG_CXX_LANGUAGE_STANDARD = "gnu++0x";
				CLANG_CXX_LIBRARY = "libc++";
				CLANG_ENABLE_MODULES = YES;
				CLANG_ENABLE_OBJC_ARC = YES;
				CLANG_WARN_BOOL_CONVERSION = YES;
				CLANG_WARN_CONSTANT_CONVERSION = YES;
				CLANG_WARN_DIRECT_OBJC_ISA_USAGE = YES_ERROR;
				CLANG_WARN_EMPTY_BODY = YES;
				CLANG_WARN_ENUM_CONVERSION = YES;
				CLANG_WARN_INT_CONVERSION = YES;
				CLANG_WARN_OBJC_ROOT_CLASS = YES_ERROR;
				CLANG_WARN__DUPLICATE_METHOD_MATCH = YES;
				"CODE_SIGN_IDENTITY[sdk=iphoneos*]" = "iPhone Developer";
				COPY_PHASE_STRIP = NO;
				GCC_C_LANGUAGE_STANDARD = gnu99;
				GCC_DYNAMIC_NO_PIC = NO;
				GCC_OPTIMIZATION_LEVEL = 0;
				GCC_PREPROCESSOR_DEFINITIONS = (
					"DEBUG=1",
					"$(inherited)",
				);
				GCC_SYMBOLS_PRIVATE_EXTERN = NO;
				GCC_WARN_64_TO_32_BIT_CONVERSION = YES;
				GCC_WARN_ABOUT_RETURN_TYPE = YES_ERROR;
				GCC_WARN_UNDECLARED_SELECTOR = YES;
				GCC_WARN_UNINITIALIZED_AUTOS = YES;
				GCC_WARN_UNUSED_FUNCTION = YES;
				GCC_WARN_UNUSED_VARIABLE = YES;
				IPHONEOS_DEPLOYMENT_TARGET = 7.0;
				ONLY_ACTIVE_ARCH = YES;
				SDKROOT = iphoneos;
			};
			name = Debug;
		};
		5BB1461A182EAC4500A464C9 /* Release */ = {
			isa = XCBuildConfiguration;
			buildSettings = {
				ALWAYS_SEARCH_USER_PATHS = NO;
				ARCHS = "$(ARCHS_STANDARD_INCLUDING_64_BIT)";
				CLANG_CXX_LANGUAGE_STANDARD = "gnu++0x";
				CLANG_CXX_LIBRARY = "libc++";
				CLANG_ENABLE_MODULES = YES;
				CLANG_ENABLE_OBJC_ARC = YES;
				CLANG_WARN_BOOL_CONVERSION = YES;
				CLANG_WARN_CONSTANT_CONVERSION = YES;
				CLANG_WARN_DIRECT_OBJC_ISA_USAGE = YES_ERROR;
				CLANG_WARN_EMPTY_BODY = YES;
				CLANG_WARN_ENUM_CONVERSION = YES;
				CLANG_WARN_INT_CONVERSION = YES;
				CLANG_WARN_OBJC_ROOT_CLASS = YES_ERROR;
				CLANG_WARN__DUPLICATE_METHOD_MATCH = YES;
				"CODE_SIGN_IDENTITY[sdk=iphoneos*]" = "iPhone Developer";
				COPY_PHASE_STRIP = YES;
				ENABLE_NS_ASSERTIONS = NO;
				GCC_C_LANGUAGE_STANDARD = gnu99;
				GCC_WARN_64_TO_32_BIT_CONVERSION = YES;
				GCC_WARN_ABOUT_RETURN_TYPE = YES_ERROR;
				GCC_WARN_UNDECLARED_SELECTOR = YES;
				GCC_WARN_UNINITIALIZED_AUTOS = YES;
				GCC_WARN_UNUSED_FUNCTION = YES;
				GCC_WARN_UNUSED_VARIABLE = YES;
				IPHONEOS_DEPLOYMENT_TARGET = 7.0;
				SDKROOT = iphoneos;
				VALIDATE_PRODUCT = YES;
			};
			name = Release;
		};
		5BB1461C182EAC4500A464C9 /* Debug */ = {
			isa = XCBuildConfiguration;
			buildSettings = {
				ASSETCATALOG_COMPILER_APPICON_NAME = AppIcon;
				ASSETCATALOG_COMPILER_LAUNCHIMAGE_NAME = LaunchImage;
				GCC_PRECOMPILE_PREFIX_HEADER = YES;
				GCC_PREFIX_HEADER = "Attributor/Attributor-Prefix.pch";
				INFOPLIST_FILE = "Attributor/Attributor-Info.plist";
				PRODUCT_NAME = "$(TARGET_NAME)";
				WRAPPER_EXTENSION = app;
			};
			name = Debug;
		};
		5BB1461D182EAC4500A464C9 /* Release */ = {
			isa = XCBuildConfiguration;
			buildSettings = {
				ASSETCATALOG_COMPILER_APPICON_NAME = AppIcon;
				ASSETCATALOG_COMPILER_LAUNCHIMAGE_NAME = LaunchImage;
				GCC_PRECOMPILE_PREFIX_HEADER = YES;
				GCC_PREFIX_HEADER = "Attributor/Attributor-Prefix.pch";
				INFOPLIST_FILE = "Attributor/Attributor-Info.plist";
				PRODUCT_NAME = "$(TARGET_NAME)";
				WRAPPER_EXTENSION = app;
			};
			name = Release;
		};
		5BB1461F182EAC4500A464C9 /* Debug */ = {
			isa = XCBuildConfiguration;
			buildSettings = {
				ARCHS = "$(ARCHS_STANDARD_INCLUDING_64_BIT)";
				BUNDLE_LOADER = "$(BUILT_PRODUCTS_DIR)/Attributor.app/Attributor";
				FRAMEWORK_SEARCH_PATHS = (
					"$(SDKROOT)/Developer/Library/Frameworks",
					"$(inherited)",
					"$(DEVELOPER_FRAMEWORKS_DIR)",
				);
				GCC_PRECOMPILE_PREFIX_HEADER = YES;
				GCC_PREFIX_HEADER = "Attributor/Attributor-Prefix.pch";
				GCC_PREPROCESSOR_DEFINITIONS = (
					"DEBUG=1",
					"$(inherited)",
				);
				INFOPLIST_FILE = "AttributorTests/AttributorTests-Info.plist";
				PRODUCT_NAME = "$(TARGET_NAME)";
				TEST_HOST = "$(BUNDLE_LOADER)";
				WRAPPER_EXTENSION = xctest;
			};
			name = Debug;
		};
		5BB14620182EAC4500A464C9 /* Release */ = {
			isa = XCBuildConfiguration;
			buildSettings = {
				ARCHS = "$(ARCHS_STANDARD_INCLUDING_64_BIT)";
				BUNDLE_LOADER = "$(BUILT_PRODUCTS_DIR)/Attributor.app/Attributor";
				FRAMEWORK_SEARCH_PATHS = (
					"$(SDKROOT)/Developer/Library/Frameworks",
					"$(inherited)",
					"$(DEVELOPER_FRAMEWORKS_DIR)",
				);
				GCC_PRECOMPILE_PREFIX_HEADER = YES;
				GCC_PREFIX_HEADER = "Attributor/Attributor-Prefix.pch";
				INFOPLIST_FILE = "AttributorTests/AttributorTests-Info.plist";
				PRODUCT_NAME = "$(TARGET_NAME)";
				TEST_HOST = "$(BUNDLE_LOADER)";
				WRAPPER_EXTENSION = xctest;
			};
			name = Release;
		};
/* End XCBuildConfiguration section */

/* Begin XCConfigurationList section */
		5BB145E4182EAC4400A464C9 /* Build configuration list for PBXProject "Attributor" */ = {
			isa = XCConfigurationList;
			buildConfigurations = (
				5BB14619182EAC4500A464C9 /* Debug */,
				5BB1461A182EAC4500A464C9 /* Release */,
			);
			defaultConfigurationIsVisible = 0;
			defaultConfigurationName = Release;
		};
		5BB1461B182EAC4500A464C9 /* Build configuration list for PBXNativeTarget "Attributor" */ = {
			isa = XCConfigurationList;
			buildConfigurations = (
				5BB1461C182EAC4500A464C9 /* Debug */,
				5BB1461D182EAC4500A464C9 /* Release */,
			);
			defaultConfigurationIsVisible = 0;
		};
		5BB1461E182EAC4500A464C9 /* Build configuration list for PBXNativeTarget "AttributorTests" */ = {
			isa = XCConfigurationList;
			buildConfigurations = (
				5BB1461F182EAC4500A464C9 /* Debug */,
				5BB14620182EAC4500A464C9 /* Release */,
			);
			defaultConfigurationIsVisible = 0;
		};
/* End XCConfigurationList section */
	};
	rootObject = 5BB145E1182EAC4400A464C9 /* Project object */;
}
